// !$*UTF8*$!
{
	archiveVersion = 1;
	classes = {
	};
	objectVersion = 55;
	objects = {

/* Begin PBXBuildFile section */
		9E119ABA291BF03100CBE968 /* Network.swift in Sources */ = {isa = PBXBuildFile; fileRef = 9E119AB9291BF03100CBE968 /* Network.swift */; };
		9E119ABC291BF41200CBE968 /* CountryDetail.swift in Sources */ = {isa = PBXBuildFile; fileRef = 9E119ABB291BF41200CBE968 /* CountryDetail.swift */; };
		9E119ABE291BF42900CBE968 /* Country.swift in Sources */ = {isa = PBXBuildFile; fileRef = 9E119ABD291BF42900CBE968 /* Country.swift */; };
		9E18187B291D0D2300B241BB /* SavedViewController.swift in Sources */ = {isa = PBXBuildFile; fileRef = 9E18187A291D0D2300B241BB /* SavedViewController.swift */; };
		9E18187D291D0D3C00B241BB /* DetailViewController.swift in Sources */ = {isa = PBXBuildFile; fileRef = 9E18187C291D0D3C00B241BB /* DetailViewController.swift */; };
		9E181882291D0E9200B241BB /* CountryTableViewCell.swift in Sources */ = {isa = PBXBuildFile; fileRef = 9E181880291D0E9200B241BB /* CountryTableViewCell.swift */; };
		9E181883291D0E9200B241BB /* CountryTableViewCell.xib in Resources */ = {isa = PBXBuildFile; fileRef = 9E181881291D0E9200B241BB /* CountryTableViewCell.xib */; };
		9E52F4A02920429900772A2C /* FavouriteCountries.xcdatamodeld in Sources */ = {isa = PBXBuildFile; fileRef = 9E52F49E2920429900772A2C /* FavouriteCountries.xcdatamodeld */; };
		9E52F4A4292055C300772A2C /* CoreDataManager.swift in Sources */ = {isa = PBXBuildFile; fileRef = 9E52F4A3292055C300772A2C /* CoreDataManager.swift */; };
		9E98B5E5291BDCC700E8AD05 /* AppDelegate.swift in Sources */ = {isa = PBXBuildFile; fileRef = 9E98B5E4291BDCC700E8AD05 /* AppDelegate.swift */; };
		9E98B5E7291BDCC700E8AD05 /* SceneDelegate.swift in Sources */ = {isa = PBXBuildFile; fileRef = 9E98B5E6291BDCC700E8AD05 /* SceneDelegate.swift */; };
		9E98B5E9291BDCC700E8AD05 /* HomeViewController.swift in Sources */ = {isa = PBXBuildFile; fileRef = 9E98B5E8291BDCC700E8AD05 /* HomeViewController.swift */; };
		9E98B5EC291BDCC700E8AD05 /* Main.storyboard in Resources */ = {isa = PBXBuildFile; fileRef = 9E98B5EA291BDCC700E8AD05 /* Main.storyboard */; };
		9E98B5EE291BDCC900E8AD05 /* Assets.xcassets in Resources */ = {isa = PBXBuildFile; fileRef = 9E98B5ED291BDCC900E8AD05 /* Assets.xcassets */; };
		9E98B5F1291BDCC900E8AD05 /* LaunchScreen.storyboard in Resources */ = {isa = PBXBuildFile; fileRef = 9E98B5EF291BDCC900E8AD05 /* LaunchScreen.storyboard */; };
		9EAB7E54292182AD00FCCEA5 /* Kingfisher in Frameworks */ = {isa = PBXBuildFile; productRef = 9EAB7E53292182AD00FCCEA5 /* Kingfisher */; };
		9EAB7E5B2921839500FCCEA5 /* SVGPImageProcessor.swift in Sources */ = {isa = PBXBuildFile; fileRef = 9EAB7E5A2921839500FCCEA5 /* SVGPImageProcessor.swift */; };
		9EC5BD67292088110076B376 /* NetworRouter.swift in Sources */ = {isa = PBXBuildFile; fileRef = 9EC5BD66292088110076B376 /* NetworRouter.swift */; };
		CB56A7015C6EAB2C071DBD32 /* Pods_Countries.framework in Frameworks */ = {isa = PBXBuildFile; fileRef = 709BA25AC153B8C25F3F4334 /* Pods_Countries.framework */; };
/* End PBXBuildFile section */

/* Begin PBXFileReference section */
		709BA25AC153B8C25F3F4334 /* Pods_Countries.framework */ = {isa = PBXFileReference; explicitFileType = wrapper.framework; includeInIndex = 0; path = Pods_Countries.framework; sourceTree = BUILT_PRODUCTS_DIR; };
		95FFAD75AAC7DE61D5167E17 /* Pods-Countries.debug.xcconfig */ = {isa = PBXFileReference; includeInIndex = 1; lastKnownFileType = text.xcconfig; name = "Pods-Countries.debug.xcconfig"; path = "Target Support Files/Pods-Countries/Pods-Countries.debug.xcconfig"; sourceTree = "<group>"; };
		9E119AB9291BF03100CBE968 /* Network.swift */ = {isa = PBXFileReference; lastKnownFileType = sourcecode.swift; path = Network.swift; sourceTree = "<group>"; };
		9E119ABB291BF41200CBE968 /* CountryDetail.swift */ = {isa = PBXFileReference; lastKnownFileType = sourcecode.swift; path = CountryDetail.swift; sourceTree = "<group>"; };
		9E119ABD291BF42900CBE968 /* Country.swift */ = {isa = PBXFileReference; lastKnownFileType = sourcecode.swift; path = Country.swift; sourceTree = "<group>"; };
		9E18187A291D0D2300B241BB /* SavedViewController.swift */ = {isa = PBXFileReference; lastKnownFileType = sourcecode.swift; path = SavedViewController.swift; sourceTree = "<group>"; };
		9E18187C291D0D3C00B241BB /* DetailViewController.swift */ = {isa = PBXFileReference; lastKnownFileType = sourcecode.swift; path = DetailViewController.swift; sourceTree = "<group>"; };
		9E181880291D0E9200B241BB /* CountryTableViewCell.swift */ = {isa = PBXFileReference; lastKnownFileType = sourcecode.swift; path = CountryTableViewCell.swift; sourceTree = "<group>"; };
		9E181881291D0E9200B241BB /* CountryTableViewCell.xib */ = {isa = PBXFileReference; lastKnownFileType = file.xib; path = CountryTableViewCell.xib; sourceTree = "<group>"; };
		9E52F49F2920429900772A2C /* FavouriteCountries.xcdatamodel */ = {isa = PBXFileReference; lastKnownFileType = wrapper.xcdatamodel; path = FavouriteCountries.xcdatamodel; sourceTree = "<group>"; };
		9E52F4A3292055C300772A2C /* CoreDataManager.swift */ = {isa = PBXFileReference; lastKnownFileType = sourcecode.swift; path = CoreDataManager.swift; sourceTree = "<group>"; };
		9E98B5E1291BDCC700E8AD05 /* Countries.app */ = {isa = PBXFileReference; explicitFileType = wrapper.application; includeInIndex = 0; path = Countries.app; sourceTree = BUILT_PRODUCTS_DIR; };
		9E98B5E4291BDCC700E8AD05 /* AppDelegate.swift */ = {isa = PBXFileReference; lastKnownFileType = sourcecode.swift; path = AppDelegate.swift; sourceTree = "<group>"; };
		9E98B5E6291BDCC700E8AD05 /* SceneDelegate.swift */ = {isa = PBXFileReference; lastKnownFileType = sourcecode.swift; path = SceneDelegate.swift; sourceTree = "<group>"; };
		9E98B5E8291BDCC700E8AD05 /* HomeViewController.swift */ = {isa = PBXFileReference; lastKnownFileType = sourcecode.swift; path = HomeViewController.swift; sourceTree = "<group>"; };
		9E98B5EB291BDCC700E8AD05 /* Base */ = {isa = PBXFileReference; lastKnownFileType = file.storyboard; name = Base; path = Base.lproj/Main.storyboard; sourceTree = "<group>"; };
		9E98B5ED291BDCC900E8AD05 /* Assets.xcassets */ = {isa = PBXFileReference; lastKnownFileType = folder.assetcatalog; path = Assets.xcassets; sourceTree = "<group>"; };
		9E98B5F0291BDCC900E8AD05 /* Base */ = {isa = PBXFileReference; lastKnownFileType = file.storyboard; name = Base; path = Base.lproj/LaunchScreen.storyboard; sourceTree = "<group>"; };
		9E98B5F2291BDCC900E8AD05 /* Info.plist */ = {isa = PBXFileReference; lastKnownFileType = text.plist.xml; path = Info.plist; sourceTree = "<group>"; };
		9EAB7E5A2921839500FCCEA5 /* SVGPImageProcessor.swift */ = {isa = PBXFileReference; lastKnownFileType = sourcecode.swift; path = SVGPImageProcessor.swift; sourceTree = "<group>"; };
		9EC5BD66292088110076B376 /* NetworRouter.swift */ = {isa = PBXFileReference; lastKnownFileType = sourcecode.swift; path = NetworRouter.swift; sourceTree = "<group>"; };
		B3327067BE98179784A29BAE /* Pods-Countries.release.xcconfig */ = {isa = PBXFileReference; includeInIndex = 1; lastKnownFileType = text.xcconfig; name = "Pods-Countries.release.xcconfig"; path = "Target Support Files/Pods-Countries/Pods-Countries.release.xcconfig"; sourceTree = "<group>"; };
/* End PBXFileReference section */

/* Begin PBXFrameworksBuildPhase section */
		9E98B5DE291BDCC700E8AD05 /* Frameworks */ = {
			isa = PBXFrameworksBuildPhase;
			buildActionMask = 2147483647;
			files = (
				9EAB7E54292182AD00FCCEA5 /* Kingfisher in Frameworks */,
				CB56A7015C6EAB2C071DBD32 /* Pods_Countries.framework in Frameworks */,
			);
			runOnlyForDeploymentPostprocessing = 0;
		};
/* End PBXFrameworksBuildPhase section */

/* Begin PBXGroup section */
		56F7FDFBFBE89213E65AFAC9 /* Pods */ = {
			isa = PBXGroup;
			children = (
				95FFAD75AAC7DE61D5167E17 /* Pods-Countries.debug.xcconfig */,
				B3327067BE98179784A29BAE /* Pods-Countries.release.xcconfig */,
			);
			path = Pods;
			sourceTree = "<group>";
		};
		9E53170229218AFB00D2C9EC /* Model */ = {
			isa = PBXGroup;
			children = (
				9E119ABD291BF42900CBE968 /* Country.swift */,
				9E119ABB291BF41200CBE968 /* CountryDetail.swift */,
			);
			path = Model;
			sourceTree = "<group>";
		};
		9E53170329218B0100D2C9EC /* View */ = {
			isa = PBXGroup;
			children = (
				9E53170529218B1200D2C9EC /* Cell */,
				9E53170829218B3D00D2C9EC /* Other */,
			);
			path = View;
			sourceTree = "<group>";
		};
		9E53170429218B0900D2C9EC /* Controller */ = {
			isa = PBXGroup;
			children = (
				9E98B5E8291BDCC700E8AD05 /* HomeViewController.swift */,
				9E18187A291D0D2300B241BB /* SavedViewController.swift */,
				9E18187C291D0D3C00B241BB /* DetailViewController.swift */,
			);
			path = Controller;
			sourceTree = "<group>";
		};
		9E53170529218B1200D2C9EC /* Cell */ = {
			isa = PBXGroup;
			children = (
				9E181881291D0E9200B241BB /* CountryTableViewCell.xib */,
				9E181880291D0E9200B241BB /* CountryTableViewCell.swift */,
			);
			path = Cell;
			sourceTree = "<group>";
		};
		9E53170629218B2400D2C9EC /* CoreData */ = {
			isa = PBXGroup;
			children = (
				9E52F4A3292055C300772A2C /* CoreDataManager.swift */,
			);
			path = CoreData;
			sourceTree = "<group>";
		};
		9E53170729218B3400D2C9EC /* Network */ = {
			isa = PBXGroup;
			children = (
				9E119AB9291BF03100CBE968 /* Network.swift */,
				9EC5BD66292088110076B376 /* NetworRouter.swift */,
			);
			path = Network;
			sourceTree = "<group>";
		};
		9E53170829218B3D00D2C9EC /* Other */ = {
			isa = PBXGroup;
			children = (
				9E98B5EA291BDCC700E8AD05 /* Main.storyboard */,
				9E98B5EF291BDCC900E8AD05 /* LaunchScreen.storyboard */,
				9E98B5ED291BDCC900E8AD05 /* Assets.xcassets */,
			);
			path = Other;
			sourceTree = "<group>";
		};
		9E53170A29218BFA00D2C9EC /* Helper */ = {
			isa = PBXGroup;
			children = (
				9EAB7E5A2921839500FCCEA5 /* SVGPImageProcessor.swift */,
				9E98B5E4291BDCC700E8AD05 /* AppDelegate.swift */,
				9E98B5E6291BDCC700E8AD05 /* SceneDelegate.swift */,
			);
			path = Helper;
			sourceTree = "<group>";
		};
		9E98B5D8291BDCC700E8AD05 = {
			isa = PBXGroup;
			children = (
				9E98B5E3291BDCC700E8AD05 /* Countries */,
				9E98B5E2291BDCC700E8AD05 /* Products */,
				56F7FDFBFBE89213E65AFAC9 /* Pods */,
				FBB3E72AE7368B8D08DF8EAC /* Frameworks */,
			);
			sourceTree = "<group>";
		};
		9E98B5E2291BDCC700E8AD05 /* Products */ = {
			isa = PBXGroup;
			children = (
				9E98B5E1291BDCC700E8AD05 /* Countries.app */,
			);
			name = Products;
			sourceTree = "<group>";
		};
		9E98B5E3291BDCC700E8AD05 /* Countries */ = {
			isa = PBXGroup;
			children = (
				9E53170229218AFB00D2C9EC /* Model */,
				9E53170329218B0100D2C9EC /* View */,
				9E53170429218B0900D2C9EC /* Controller */,
				9E53170A29218BFA00D2C9EC /* Helper */,
				9E53170729218B3400D2C9EC /* Network */,
				9E53170629218B2400D2C9EC /* CoreData */,
				9E98B5F2291BDCC900E8AD05 /* Info.plist */,
				9E52F49E2920429900772A2C /* FavouriteCountries.xcdatamodeld */,
			);
			path = Countries;
			sourceTree = "<group>";
		};
		FBB3E72AE7368B8D08DF8EAC /* Frameworks */ = {
			isa = PBXGroup;
			children = (
				709BA25AC153B8C25F3F4334 /* Pods_Countries.framework */,
			);
			name = Frameworks;
			sourceTree = "<group>";
		};
/* End PBXGroup section */

/* Begin PBXNativeTarget section */
		9E98B5E0291BDCC700E8AD05 /* Countries */ = {
			isa = PBXNativeTarget;
			buildConfigurationList = 9E98B5F5291BDCC900E8AD05 /* Build configuration list for PBXNativeTarget "Countries" */;
			buildPhases = (
				ECFB9F4AC6AC49914A26F934 /* [CP] Check Pods Manifest.lock */,
				9E98B5DD291BDCC700E8AD05 /* Sources */,
				9E98B5DE291BDCC700E8AD05 /* Frameworks */,
				9E98B5DF291BDCC700E8AD05 /* Resources */,
				022BD7BC92D0CE047A7DEEEE /* [CP] Embed Pods Frameworks */,
			);
			buildRules = (
			);
			dependencies = (
			);
			name = Countries;
			packageProductDependencies = (
				9EAB7E53292182AD00FCCEA5 /* Kingfisher */,
			);
			productName = Countries;
			productReference = 9E98B5E1291BDCC700E8AD05 /* Countries.app */;
			productType = "com.apple.product-type.application";
		};
/* End PBXNativeTarget section */

/* Begin PBXProject section */
		9E98B5D9291BDCC700E8AD05 /* Project object */ = {
			isa = PBXProject;
			attributes = {
				BuildIndependentTargetsInParallel = 1;
				LastSwiftUpdateCheck = 1340;
				LastUpgradeCheck = 1340;
				TargetAttributes = {
					9E98B5E0291BDCC700E8AD05 = {
						CreatedOnToolsVersion = 13.4.1;
					};
				};
			};
			buildConfigurationList = 9E98B5DC291BDCC700E8AD05 /* Build configuration list for PBXProject "Countries" */;
			compatibilityVersion = "Xcode 13.0";
			developmentRegion = en;
			hasScannedForEncodings = 0;
			knownRegions = (
				en,
				Base,
			);
			mainGroup = 9E98B5D8291BDCC700E8AD05;
			packageReferences = (
				9EAB7E52292182AD00FCCEA5 /* XCRemoteSwiftPackageReference "Kingfisher" */,
			);
			productRefGroup = 9E98B5E2291BDCC700E8AD05 /* Products */;
			projectDirPath = "";
			projectRoot = "";
			targets = (
				9E98B5E0291BDCC700E8AD05 /* Countries */,
			);
		};
/* End PBXProject section */

/* Begin PBXResourcesBuildPhase section */
		9E98B5DF291BDCC700E8AD05 /* Resources */ = {
			isa = PBXResourcesBuildPhase;
			buildActionMask = 2147483647;
			files = (
				9E181883291D0E9200B241BB /* CountryTableViewCell.xib in Resources */,
				9E98B5F1291BDCC900E8AD05 /* LaunchScreen.storyboard in Resources */,
				9E98B5EE291BDCC900E8AD05 /* Assets.xcassets in Resources */,
				9E98B5EC291BDCC700E8AD05 /* Main.storyboard in Resources */,
			);
			runOnlyForDeploymentPostprocessing = 0;
		};
/* End PBXResourcesBuildPhase section */

/* Begin PBXShellScriptBuildPhase section */
		022BD7BC92D0CE047A7DEEEE /* [CP] Embed Pods Frameworks */ = {
			isa = PBXShellScriptBuildPhase;
			buildActionMask = 2147483647;
			files = (
			);
			inputFileListPaths = (
				"${PODS_ROOT}/Target Support Files/Pods-Countries/Pods-Countries-frameworks-${CONFIGURATION}-input-files.xcfilelist",
			);
			name = "[CP] Embed Pods Frameworks";
			outputFileListPaths = (
				"${PODS_ROOT}/Target Support Files/Pods-Countries/Pods-Countries-frameworks-${CONFIGURATION}-output-files.xcfilelist",
			);
			runOnlyForDeploymentPostprocessing = 0;
			shellPath = /bin/sh;
			shellScript = "\"${PODS_ROOT}/Target Support Files/Pods-Countries/Pods-Countries-frameworks.sh\"\n";
			showEnvVarsInLog = 0;
		};
		ECFB9F4AC6AC49914A26F934 /* [CP] Check Pods Manifest.lock */ = {
			isa = PBXShellScriptBuildPhase;
			buildActionMask = 2147483647;
			files = (
			);
			inputFileListPaths = (
			);
			inputPaths = (
				"${PODS_PODFILE_DIR_PATH}/Podfile.lock",
				"${PODS_ROOT}/Manifest.lock",
			);
			name = "[CP] Check Pods Manifest.lock";
			outputFileListPaths = (
			);
			outputPaths = (
				"$(DERIVED_FILE_DIR)/Pods-Countries-checkManifestLockResult.txt",
			);
			runOnlyForDeploymentPostprocessing = 0;
			shellPath = /bin/sh;
			shellScript = "diff \"${PODS_PODFILE_DIR_PATH}/Podfile.lock\" \"${PODS_ROOT}/Manifest.lock\" > /dev/null\nif [ $? != 0 ] ; then\n    # print error to STDERR\n    echo \"error: The sandbox is not in sync with the Podfile.lock. Run 'pod install' or update your CocoaPods installation.\" >&2\n    exit 1\nfi\n# This output is used by Xcode 'outputs' to avoid re-running this script phase.\necho \"SUCCESS\" > \"${SCRIPT_OUTPUT_FILE_0}\"\n";
			showEnvVarsInLog = 0;
		};
/* End PBXShellScriptBuildPhase section */

/* Begin PBXSourcesBuildPhase section */
		9E98B5DD291BDCC700E8AD05 /* Sources */ = {
			isa = PBXSourcesBuildPhase;
			buildActionMask = 2147483647;
			files = (
				9E181882291D0E9200B241BB /* CountryTableViewCell.swift in Sources */,
				9E119ABC291BF41200CBE968 /* CountryDetail.swift in Sources */,
				9E52F4A02920429900772A2C /* FavouriteCountries.xcdatamodeld in Sources */,
				9E98B5E9291BDCC700E8AD05 /* HomeViewController.swift in Sources */,
				9E18187B291D0D2300B241BB /* SavedViewController.swift in Sources */,
				9E98B5E5291BDCC700E8AD05 /* AppDelegate.swift in Sources */,
				9E52F4A4292055C300772A2C /* CoreDataManager.swift in Sources */,
				9E119ABA291BF03100CBE968 /* Network.swift in Sources */,
				9E119ABE291BF42900CBE968 /* Country.swift in Sources */,
				9E98B5E7291BDCC700E8AD05 /* SceneDelegate.swift in Sources */,
				9E18187D291D0D3C00B241BB /* DetailViewController.swift in Sources */,
				9EAB7E5B2921839500FCCEA5 /* SVGPImageProcessor.swift in Sources */,
				9EC5BD67292088110076B376 /* NetworRouter.swift in Sources */,
			);
			runOnlyForDeploymentPostprocessing = 0;
		};
/* End PBXSourcesBuildPhase section */

/* Begin PBXVariantGroup section */
		9E98B5EA291BDCC700E8AD05 /* Main.storyboard */ = {
			isa = PBXVariantGroup;
			children = (
				9E98B5EB291BDCC700E8AD05 /* Base */,
			);
			name = Main.storyboard;
			sourceTree = "<group>";
		};
		9E98B5EF291BDCC900E8AD05 /* LaunchScreen.storyboard */ = {
			isa = PBXVariantGroup;
			children = (
				9E98B5F0291BDCC900E8AD05 /* Base */,
			);
			name = LaunchScreen.storyboard;
			sourceTree = "<group>";
		};
/* End PBXVariantGroup section */

/* Begin XCBuildConfiguration section */
		9E98B5F3291BDCC900E8AD05 /* Debug */ = {
			isa = XCBuildConfiguration;
			buildSettings = {
				ALWAYS_SEARCH_USER_PATHS = NO;
				CLANG_ANALYZER_NONNULL = YES;
				CLANG_ANALYZER_NUMBER_OBJECT_CONVERSION = YES_AGGRESSIVE;
				CLANG_CXX_LANGUAGE_STANDARD = "gnu++17";
				CLANG_ENABLE_MODULES = YES;
				CLANG_ENABLE_OBJC_ARC = YES;
				CLANG_ENABLE_OBJC_WEAK = YES;
				CLANG_WARN_BLOCK_CAPTURE_AUTORELEASING = YES;
				CLANG_WARN_BOOL_CONVERSION = YES;
				CLANG_WARN_COMMA = YES;
				CLANG_WARN_CONSTANT_CONVERSION = YES;
				CLANG_WARN_DEPRECATED_OBJC_IMPLEMENTATIONS = YES;
				CLANG_WARN_DIRECT_OBJC_ISA_USAGE = YES_ERROR;
				CLANG_WARN_DOCUMENTATION_COMMENTS = YES;
				CLANG_WARN_EMPTY_BODY = YES;
				CLANG_WARN_ENUM_CONVERSION = YES;
				CLANG_WARN_INFINITE_RECURSION = YES;
				CLANG_WARN_INT_CONVERSION = YES;
				CLANG_WARN_NON_LITERAL_NULL_CONVERSION = YES;
				CLANG_WARN_OBJC_IMPLICIT_RETAIN_SELF = YES;
				CLANG_WARN_OBJC_LITERAL_CONVERSION = YES;
				CLANG_WARN_OBJC_ROOT_CLASS = YES_ERROR;
				CLANG_WARN_QUOTED_INCLUDE_IN_FRAMEWORK_HEADER = YES;
				CLANG_WARN_RANGE_LOOP_ANALYSIS = YES;
				CLANG_WARN_STRICT_PROTOTYPES = YES;
				CLANG_WARN_SUSPICIOUS_MOVE = YES;
				CLANG_WARN_UNGUARDED_AVAILABILITY = YES_AGGRESSIVE;
				CLANG_WARN_UNREACHABLE_CODE = YES;
				CLANG_WARN__DUPLICATE_METHOD_MATCH = YES;
				COPY_PHASE_STRIP = NO;
				DEBUG_INFORMATION_FORMAT = dwarf;
				ENABLE_STRICT_OBJC_MSGSEND = YES;
				ENABLE_TESTABILITY = YES;
				GCC_C_LANGUAGE_STANDARD = gnu11;
				GCC_DYNAMIC_NO_PIC = NO;
				GCC_NO_COMMON_BLOCKS = YES;
				GCC_OPTIMIZATION_LEVEL = 0;
				GCC_PREPROCESSOR_DEFINITIONS = (
					"DEBUG=1",
					"$(inherited)",
				);
				GCC_WARN_64_TO_32_BIT_CONVERSION = YES;
				GCC_WARN_ABOUT_RETURN_TYPE = YES_ERROR;
				GCC_WARN_UNDECLARED_SELECTOR = YES;
				GCC_WARN_UNINITIALIZED_AUTOS = YES_AGGRESSIVE;
				GCC_WARN_UNUSED_FUNCTION = YES;
				GCC_WARN_UNUSED_VARIABLE = YES;
				IPHONEOS_DEPLOYMENT_TARGET = 15.5;
				MTL_ENABLE_DEBUG_INFO = INCLUDE_SOURCE;
				MTL_FAST_MATH = YES;
				ONLY_ACTIVE_ARCH = YES;
				SDKROOT = iphoneos;
				SWIFT_ACTIVE_COMPILATION_CONDITIONS = DEBUG;
				SWIFT_OPTIMIZATION_LEVEL = "-Onone";
			};
			name = Debug;
		};
		9E98B5F4291BDCC900E8AD05 /* Release */ = {
			isa = XCBuildConfiguration;
			buildSettings = {
				ALWAYS_SEARCH_USER_PATHS = NO;
				CLANG_ANALYZER_NONNULL = YES;
				CLANG_ANALYZER_NUMBER_OBJECT_CONVERSION = YES_AGGRESSIVE;
				CLANG_CXX_LANGUAGE_STANDARD = "gnu++17";
				CLANG_ENABLE_MODULES = YES;
				CLANG_ENABLE_OBJC_ARC = YES;
				CLANG_ENABLE_OBJC_WEAK = YES;
				CLANG_WARN_BLOCK_CAPTURE_AUTORELEASING = YES;
				CLANG_WARN_BOOL_CONVERSION = YES;
				CLANG_WARN_COMMA = YES;
				CLANG_WARN_CONSTANT_CONVERSION = YES;
				CLANG_WARN_DEPRECATED_OBJC_IMPLEMENTATIONS = YES;
				CLANG_WARN_DIRECT_OBJC_ISA_USAGE = YES_ERROR;
				CLANG_WARN_DOCUMENTATION_COMMENTS = YES;
				CLANG_WARN_EMPTY_BODY = YES;
				CLANG_WARN_ENUM_CONVERSION = YES;
				CLANG_WARN_INFINITE_RECURSION = YES;
				CLANG_WARN_INT_CONVERSION = YES;
				CLANG_WARN_NON_LITERAL_NULL_CONVERSION = YES;
				CLANG_WARN_OBJC_IMPLICIT_RETAIN_SELF = YES;
				CLANG_WARN_OBJC_LITERAL_CONVERSION = YES;
				CLANG_WARN_OBJC_ROOT_CLASS = YES_ERROR;
				CLANG_WARN_QUOTED_INCLUDE_IN_FRAMEWORK_HEADER = YES;
				CLANG_WARN_RANGE_LOOP_ANALYSIS = YES;
				CLANG_WARN_STRICT_PROTOTYPES = YES;
				CLANG_WARN_SUSPICIOUS_MOVE = YES;
				CLANG_WARN_UNGUARDED_AVAILABILITY = YES_AGGRESSIVE;
				CLANG_WARN_UNREACHABLE_CODE = YES;
				CLANG_WARN__DUPLICATE_METHOD_MATCH = YES;
				COPY_PHASE_STRIP = NO;
				DEBUG_INFORMATION_FORMAT = "dwarf-with-dsym";
				ENABLE_NS_ASSERTIONS = NO;
				ENABLE_STRICT_OBJC_MSGSEND = YES;
				GCC_C_LANGUAGE_STANDARD = gnu11;
				GCC_NO_COMMON_BLOCKS = YES;
				GCC_WARN_64_TO_32_BIT_CONVERSION = YES;
				GCC_WARN_ABOUT_RETURN_TYPE = YES_ERROR;
				GCC_WARN_UNDECLARED_SELECTOR = YES;
				GCC_WARN_UNINITIALIZED_AUTOS = YES_AGGRESSIVE;
				GCC_WARN_UNUSED_FUNCTION = YES;
				GCC_WARN_UNUSED_VARIABLE = YES;
				IPHONEOS_DEPLOYMENT_TARGET = 15.5;
				MTL_ENABLE_DEBUG_INFO = NO;
				MTL_FAST_MATH = YES;
				SDKROOT = iphoneos;
				SWIFT_COMPILATION_MODE = wholemodule;
				SWIFT_OPTIMIZATION_LEVEL = "-O";
				VALIDATE_PRODUCT = YES;
			};
			name = Release;
		};
		9E98B5F6291BDCC900E8AD05 /* Debug */ = {
			isa = XCBuildConfiguration;
			baseConfigurationReference = 95FFAD75AAC7DE61D5167E17 /* Pods-Countries.debug.xcconfig */;
			buildSettings = {
				ASSETCATALOG_COMPILER_APPICON_NAME = AppIcon;
				ASSETCATALOG_COMPILER_GLOBAL_ACCENT_COLOR_NAME = AccentColor;
				CODE_SIGN_STYLE = Automatic;
				CURRENT_PROJECT_VERSION = 1;
				DEVELOPMENT_TEAM = 39F264M3G6;
				GENERATE_INFOPLIST_FILE = YES;
				INFOPLIST_FILE = Countries/Info.plist;
				INFOPLIST_KEY_UIApplicationSupportsIndirectInputEvents = YES;
				INFOPLIST_KEY_UILaunchStoryboardName = LaunchScreen;
				INFOPLIST_KEY_UIMainStoryboardFile = Main;
				INFOPLIST_KEY_UISupportedInterfaceOrientations_iPad = "UIInterfaceOrientationPortrait UIInterfaceOrientationPortraitUpsideDown UIInterfaceOrientationLandscapeLeft UIInterfaceOrientationLandscapeRight";
				INFOPLIST_KEY_UISupportedInterfaceOrientations_iPhone = "UIInterfaceOrientationPortrait UIInterfaceOrientationLandscapeLeft UIInterfaceOrientationLandscapeRight";
				LD_RUNPATH_SEARCH_PATHS = (
					"$(inherited)",
					"@executable_path/Frameworks",
				);
				MARKETING_VERSION = 1.0;
				PRODUCT_BUNDLE_IDENTIFIER = com.busetopuz.Countries;
				PRODUCT_NAME = "$(TARGET_NAME)";
				SWIFT_EMIT_LOC_STRINGS = YES;
				SWIFT_VERSION = 5.0;
				TARGETED_DEVICE_FAMILY = "1,2";
			};
			name = Debug;
		};
		9E98B5F7291BDCC900E8AD05 /* Release */ = {
			isa = XCBuildConfiguration;
			baseConfigurationReference = B3327067BE98179784A29BAE /* Pods-Countries.release.xcconfig */;
			buildSettings = {
				ASSETCATALOG_COMPILER_APPICON_NAME = AppIcon;
				ASSETCATALOG_COMPILER_GLOBAL_ACCENT_COLOR_NAME = AccentColor;
				CODE_SIGN_STYLE = Automatic;
				CURRENT_PROJECT_VERSION = 1;
				DEVELOPMENT_TEAM = 39F264M3G6;
				GENERATE_INFOPLIST_FILE = YES;
				INFOPLIST_FILE = Countries/Info.plist;
				INFOPLIST_KEY_UIApplicationSupportsIndirectInputEvents = YES;
				INFOPLIST_KEY_UILaunchStoryboardName = LaunchScreen;
				INFOPLIST_KEY_UIMainStoryboardFile = Main;
				INFOPLIST_KEY_UISupportedInterfaceOrientations_iPad = "UIInterfaceOrientationPortrait UIInterfaceOrientationPortraitUpsideDown UIInterfaceOrientationLandscapeLeft UIInterfaceOrientationLandscapeRight";
				INFOPLIST_KEY_UISupportedInterfaceOrientations_iPhone = "UIInterfaceOrientationPortrait UIInterfaceOrientationLandscapeLeft UIInterfaceOrientationLandscapeRight";
				LD_RUNPATH_SEARCH_PATHS = (
					"$(inherited)",
					"@executable_path/Frameworks",
				);
				MARKETING_VERSION = 1.0;
				PRODUCT_BUNDLE_IDENTIFIER = com.busetopuz.Countries;
				PRODUCT_NAME = "$(TARGET_NAME)";
				SWIFT_EMIT_LOC_STRINGS = YES;
				SWIFT_VERSION = 5.0;
				TARGETED_DEVICE_FAMILY = "1,2";
			};
			name = Release;
		};
/* End XCBuildConfiguration section */

/* Begin XCConfigurationList section */
		9E98B5DC291BDCC700E8AD05 /* Build configuration list for PBXProject "Countries" */ = {
			isa = XCConfigurationList;
			buildConfigurations = (
				9E98B5F3291BDCC900E8AD05 /* Debug */,
				9E98B5F4291BDCC900E8AD05 /* Release */,
			);
			defaultConfigurationIsVisible = 0;
			defaultConfigurationName = Release;
		};
		9E98B5F5291BDCC900E8AD05 /* Build configuration list for PBXNativeTarget "Countries" */ = {
			isa = XCConfigurationList;
			buildConfigurations = (
				9E98B5F6291BDCC900E8AD05 /* Debug */,
				9E98B5F7291BDCC900E8AD05 /* Release */,
			);
			defaultConfigurationIsVisible = 0;
			defaultConfigurationName = Release;
		};
/* End XCConfigurationList section */

/* Begin XCRemoteSwiftPackageReference section */
		9EAB7E52292182AD00FCCEA5 /* XCRemoteSwiftPackageReference "Kingfisher" */ = {
			isa = XCRemoteSwiftPackageReference;
			repositoryURL = "https://github.com/onevcat/Kingfisher.git";
			requirement = {
				branch = master;
				kind = branch;
			};
		};
/* End XCRemoteSwiftPackageReference section */

/* Begin XCSwiftPackageProductDependency section */
		9EAB7E53292182AD00FCCEA5 /* Kingfisher */ = {
			isa = XCSwiftPackageProductDependency;
			package = 9EAB7E52292182AD00FCCEA5 /* XCRemoteSwiftPackageReference "Kingfisher" */;
			productName = Kingfisher;
		};
/* End XCSwiftPackageProductDependency section */

/* Begin XCVersionGroup section */
		9E52F49E2920429900772A2C /* FavouriteCountries.xcdatamodeld */ = {
			isa = XCVersionGroup;
			children = (
				9E52F49F2920429900772A2C /* FavouriteCountries.xcdatamodel */,
			);
			currentVersion = 9E52F49F2920429900772A2C /* FavouriteCountries.xcdatamodel */;
			path = FavouriteCountries.xcdatamodeld;
			sourceTree = "<group>";
			versionGroupType = wrapper.xcdatamodel;
		};
/* End XCVersionGroup section */
	};
	rootObject = 9E98B5D9291BDCC700E8AD05 /* Project object */;
}
